
Microsoft Visual Studio Solution File, Format Version 12.00
# Visual Studio Version 16
VisualStudioVersion = 16.0.30011.22
MinimumVisualStudioVersion = 10.0.40219.1
Project("{9A19103F-16F7-4668-BE54-9A1E7A4F7556}") = "CarsStatusesGenerator", "CarsStatusesGenerator\CarsStatusesGenerator.csproj", "{2E92D4D0-9C0D-4C76-8550-190418926A2A}"
EndProject
Project("{2150E333-8FDC-42A3-9474-1A3956D46DE8}") = "StatusesGenerator", "StatusesGenerator", "{F9A5BB0A-19D7-4FB1-8559-4400C06D38DD}"
EndProject
Project("{9A19103F-16F7-4668-BE54-9A1E7A4F7556}") = "CarsStatusesGenerator.Services", "CarsStatusesGenerator.Services\CarsStatusesGenerator.Services.csproj", "{461D9625-913B-4CEF-B2F4-1D4F0D67B24D}"
EndProject
Project("{9A19103F-16F7-4668-BE54-9A1E7A4F7556}") = "CarsStatusesGenerator.DataAccess", "CarsStatusesGenerator.DataAccess\CarsStatusesGenerator.DataAccess.csproj", "{12E3697F-1082-426A-A337-297BAD948E47}"
EndProject
Project("{9A19103F-16F7-4668-BE54-9A1E7A4F7556}") = "CarsStatusesGenerator.Dtos", "CarsStatusesGenerator.Dtos\CarsStatusesGenerator.Dtos.csproj", "{432399DB-9497-49E3-A9D7-1171053CFA7F}"
EndProject
Project("{2150E333-8FDC-42A3-9474-1A3956D46DE8}") = "StatusesDashboard", "StatusesDashboard", "{4F812A94-3949-4752-B25C-83F55397388E}"
EndProject
Project("{9A19103F-16F7-4668-BE54-9A1E7A4F7556}") = "StatusesDashboard.Web", "StatusesDashboard.Web\StatusesDashboard.Web.csproj", "{C7F7C97C-9E52-45D5-9672-67412F4E4415}"
EndProject
Project("{2150E333-8FDC-42A3-9474-1A3956D46DE8}") = "ApiGateway", "ApiGateway", "{1CE49783-5A89-4A70-97A5-DF7B56693694}"
EndProject
Project("{9A19103F-16F7-4668-BE54-9A1E7A4F7556}") = "Gateway.Api", "Gateway.Api\Gateway.Api.csproj", "{93B2CB3E-B717-4314-AD73-CB398A3AF72B}"
EndProject
Project("{2150E333-8FDC-42A3-9474-1A3956D46DE8}") = "DataStorage", "DataStorage", "{CDDD993B-C390-4EEE-92B3-10AE69556A15}"
EndProject
Project("{9A19103F-16F7-4668-BE54-9A1E7A4F7556}") = "DataStorage.Api", "DataStorage.Api\DataStorage.Api.csproj", "{A4200524-CFBA-41C4-BFA4-1573AE11C7C4}"
EndProject
Project("{9A19103F-16F7-4668-BE54-9A1E7A4F7556}") = "DataStorage.DataAccess", "DataStorage.DataAccess\DataStorage.DataAccess.csproj", "{10A9FB91-8E90-4558-8375-A60A2264A854}"
EndProject
Project("{9A19103F-16F7-4668-BE54-9A1E7A4F7556}") = "Gateway.Services", "Gateway.Services\Gateway.Services.csproj", "{6B18A0C2-A088-474B-B380-A296A6EDFE34}"
EndProject
Project("{9A19103F-16F7-4668-BE54-9A1E7A4F7556}") = "Gateway.DataAccess", "Gateway.DataAccess\Gateway.DataAccess.csproj", "{E4268F16-A284-42CB-BD51-5E78422115FF}"
EndProject
Project("{9A19103F-16F7-4668-BE54-9A1E7A4F7556}") = "Gateway.Dtos", "Gateway.Dtos\Gateway.Dtos.csproj", "{64F3AEB2-6721-4607-A4DD-86BD25B4A8B9}"
EndProject
Project("{9A19103F-16F7-4668-BE54-9A1E7A4F7556}") = "DataStorage.Services", "DataStorage.Services\DataStorage.Services.csproj", "{6373CFCE-CB91-4418-8E96-BCDBDB3F051A}"
EndProject
Project("{9A19103F-16F7-4668-BE54-9A1E7A4F7556}") = "DataStorage.Dtos", "DataStorage.Dtos\DataStorage.Dtos.csproj", "{6C04FBB8-3633-426F-BDEF-404CA9CE99CE}"
EndProject
Project("{FAE04EC0-301F-11D3-BF4B-00C04F79EFBC}") = "StatusesDashboard.Web.DataAccess", "StatusesDashboard.Web.DataAccess\StatusesDashboard.Web.DataAccess.csproj", "{F9B7B693-524F-4671-BC20-282FB4799549}"
EndProject
Global
	GlobalSection(SolutionConfigurationPlatforms) = preSolution
		Debug|Any CPU = Debug|Any CPU
		Release|Any CPU = Release|Any CPU
	EndGlobalSection
	GlobalSection(ProjectConfigurationPlatforms) = postSolution
		{2E92D4D0-9C0D-4C76-8550-190418926A2A}.Debug|Any CPU.ActiveCfg = Debug|Any CPU
		{2E92D4D0-9C0D-4C76-8550-190418926A2A}.Debug|Any CPU.Build.0 = Debug|Any CPU
		{2E92D4D0-9C0D-4C76-8550-190418926A2A}.Release|Any CPU.ActiveCfg = Release|Any CPU
		{2E92D4D0-9C0D-4C76-8550-190418926A2A}.Release|Any CPU.Build.0 = Release|Any CPU
		{461D9625-913B-4CEF-B2F4-1D4F0D67B24D}.Debug|Any CPU.ActiveCfg = Debug|Any CPU
		{461D9625-913B-4CEF-B2F4-1D4F0D67B24D}.Debug|Any CPU.Build.0 = Debug|Any CPU
		{461D9625-913B-4CEF-B2F4-1D4F0D67B24D}.Release|Any CPU.ActiveCfg = Release|Any CPU
		{461D9625-913B-4CEF-B2F4-1D4F0D67B24D}.Release|Any CPU.Build.0 = Release|Any CPU
		{12E3697F-1082-426A-A337-297BAD948E47}.Debug|Any CPU.ActiveCfg = Debug|Any CPU
		{12E3697F-1082-426A-A337-297BAD948E47}.Debug|Any CPU.Build.0 = Debug|Any CPU
		{12E3697F-1082-426A-A337-297BAD948E47}.Release|Any CPU.ActiveCfg = Release|Any CPU
		{12E3697F-1082-426A-A337-297BAD948E47}.Release|Any CPU.Build.0 = Release|Any CPU
		{432399DB-9497-49E3-A9D7-1171053CFA7F}.Debug|Any CPU.ActiveCfg = Debug|Any CPU
		{432399DB-9497-49E3-A9D7-1171053CFA7F}.Debug|Any CPU.Build.0 = Debug|Any CPU
		{432399DB-9497-49E3-A9D7-1171053CFA7F}.Release|Any CPU.ActiveCfg = Release|Any CPU
		{432399DB-9497-49E3-A9D7-1171053CFA7F}.Release|Any CPU.Build.0 = Release|Any CPU
		{C7F7C97C-9E52-45D5-9672-67412F4E4415}.Debug|Any CPU.ActiveCfg = Debug|Any CPU
		{C7F7C97C-9E52-45D5-9672-67412F4E4415}.Debug|Any CPU.Build.0 = Debug|Any CPU
		{C7F7C97C-9E52-45D5-9672-67412F4E4415}.Release|Any CPU.ActiveCfg = Release|Any CPU
		{C7F7C97C-9E52-45D5-9672-67412F4E4415}.Release|Any CPU.Build.0 = Release|Any CPU
		{93B2CB3E-B717-4314-AD73-CB398A3AF72B}.Debug|Any CPU.ActiveCfg = Debug|Any CPU
		{93B2CB3E-B717-4314-AD73-CB398A3AF72B}.Debug|Any CPU.Build.0 = Debug|Any CPU
		{93B2CB3E-B717-4314-AD73-CB398A3AF72B}.Release|Any CPU.ActiveCfg = Release|Any CPU
		{93B2CB3E-B717-4314-AD73-CB398A3AF72B}.Release|Any CPU.Build.0 = Release|Any CPU
		{A4200524-CFBA-41C4-BFA4-1573AE11C7C4}.Debug|Any CPU.ActiveCfg = Debug|Any CPU
		{A4200524-CFBA-41C4-BFA4-1573AE11C7C4}.Debug|Any CPU.Build.0 = Debug|Any CPU
		{A4200524-CFBA-41C4-BFA4-1573AE11C7C4}.Release|Any CPU.ActiveCfg = Release|Any CPU
		{A4200524-CFBA-41C4-BFA4-1573AE11C7C4}.Release|Any CPU.Build.0 = Release|Any CPU
		{10A9FB91-8E90-4558-8375-A60A2264A854}.Debug|Any CPU.ActiveCfg = Debug|Any CPU
		{10A9FB91-8E90-4558-8375-A60A2264A854}.Debug|Any CPU.Build.0 = Debug|Any CPU
		{10A9FB91-8E90-4558-8375-A60A2264A854}.Release|Any CPU.ActiveCfg = Release|Any CPU
		{10A9FB91-8E90-4558-8375-A60A2264A854}.Release|Any CPU.Build.0 = Release|Any CPU
		{6B18A0C2-A088-474B-B380-A296A6EDFE34}.Debug|Any CPU.ActiveCfg = Debug|Any CPU
		{6B18A0C2-A088-474B-B380-A296A6EDFE34}.Debug|Any CPU.Build.0 = Debug|Any CPU
		{6B18A0C2-A088-474B-B380-A296A6EDFE34}.Release|Any CPU.ActiveCfg = Release|Any CPU
		{6B18A0C2-A088-474B-B380-A296A6EDFE34}.Release|Any CPU.Build.0 = Release|Any CPU
		{E4268F16-A284-42CB-BD51-5E78422115FF}.Debug|Any CPU.ActiveCfg = Debug|Any CPU
		{E4268F16-A284-42CB-BD51-5E78422115FF}.Debug|Any CPU.Build.0 = Debug|Any CPU
		{E4268F16-A284-42CB-BD51-5E78422115FF}.Release|Any CPU.ActiveCfg = Release|Any CPU
		{E4268F16-A284-42CB-BD51-5E78422115FF}.Release|Any CPU.Build.0 = Release|Any CPU
		{64F3AEB2-6721-4607-A4DD-86BD25B4A8B9}.Debug|Any CPU.ActiveCfg = Debug|Any CPU
		{64F3AEB2-6721-4607-A4DD-86BD25B4A8B9}.Debug|Any CPU.Build.0 = Debug|Any CPU
		{64F3AEB2-6721-4607-A4DD-86BD25B4A8B9}.Release|Any CPU.ActiveCfg = Release|Any CPU
		{64F3AEB2-6721-4607-A4DD-86BD25B4A8B9}.Release|Any CPU.Build.0 = Release|Any CPU
		{6373CFCE-CB91-4418-8E96-BCDBDB3F051A}.Debug|Any CPU.ActiveCfg = Debug|Any CPU
		{6373CFCE-CB91-4418-8E96-BCDBDB3F051A}.Debug|Any CPU.Build.0 = Debug|Any CPU
		{6373CFCE-CB91-4418-8E96-BCDBDB3F051A}.Release|Any CPU.ActiveCfg = Release|Any CPU
		{6373CFCE-CB91-4418-8E96-BCDBDB3F051A}.Release|Any CPU.Build.0 = Release|Any CPU
		{6C04FBB8-3633-426F-BDEF-404CA9CE99CE}.Debug|Any CPU.ActiveCfg = Debug|Any CPU
		{6C04FBB8-3633-426F-BDEF-404CA9CE99CE}.Debug|Any CPU.Build.0 = Debug|Any CPU
		{6C04FBB8-3633-426F-BDEF-404CA9CE99CE}.Release|Any CPU.ActiveCfg = Release|Any CPU
		{6C04FBB8-3633-426F-BDEF-404CA9CE99CE}.Release|Any CPU.Build.0 = Release|Any CPU
		{F9B7B693-524F-4671-BC20-282FB4799549}.Debug|Any CPU.ActiveCfg = Debug|Any CPU
		{F9B7B693-524F-4671-BC20-282FB4799549}.Debug|Any CPU.Build.0 = Debug|Any CPU
		{F9B7B693-524F-4671-BC20-282FB4799549}.Release|Any CPU.ActiveCfg = Release|Any CPU
		{F9B7B693-524F-4671-BC20-282FB4799549}.Release|Any CPU.Build.0 = Release|Any CPU
	EndGlobalSection
	GlobalSection(SolutionProperties) = preSolution
		HideSolutionNode = FALSE
	EndGlobalSection
	GlobalSection(NestedProjects) = preSolution
		{2E92D4D0-9C0D-4C76-8550-190418926A2A} = {F9A5BB0A-19D7-4FB1-8559-4400C06D38DD}
		{461D9625-913B-4CEF-B2F4-1D4F0D67B24D} = {F9A5BB0A-19D7-4FB1-8559-4400C06D38DD}
		{12E3697F-1082-426A-A337-297BAD948E47} = {F9A5BB0A-19D7-4FB1-8559-4400C06D38DD}
		{432399DB-9497-49E3-A9D7-1171053CFA7F} = {F9A5BB0A-19D7-4FB1-8559-4400C06D38DD}
		{C7F7C97C-9E52-45D5-9672-67412F4E4415} = {4F812A94-3949-4752-B25C-83F55397388E}
		{93B2CB3E-B717-4314-AD73-CB398A3AF72B} = {1CE49783-5A89-4A70-97A5-DF7B56693694}
		{A4200524-CFBA-41C4-BFA4-1573AE11C7C4} = {CDDD993B-C390-4EEE-92B3-10AE69556A15}
		{10A9FB91-8E90-4558-8375-A60A2264A854} = {CDDD993B-C390-4EEE-92B3-10AE69556A15}
		{6B18A0C2-A088-474B-B380-A296A6EDFE34} = {1CE49783-5A89-4A70-97A5-DF7B56693694}
		{E4268F16-A284-42CB-BD51-5E78422115FF} = {1CE49783-5A89-4A70-97A5-DF7B56693694}
		{64F3AEB2-6721-4607-A4DD-86BD25B4A8B9} = {1CE49783-5A89-4A70-97A5-DF7B56693694}
		{6373CFCE-CB91-4418-8E96-BCDBDB3F051A} = {CDDD993B-C390-4EEE-92B3-10AE69556A15}
		{6C04FBB8-3633-426F-BDEF-404CA9CE99CE} = {CDDD993B-C390-4EEE-92B3-10AE69556A15}
		{F9B7B693-524F-4671-BC20-282FB4799549} = {4F812A94-3949-4752-B25C-83F55397388E}
	EndGlobalSection
	GlobalSection(ExtensibilityGlobals) = postSolution
		SolutionGuid = {BA5A9F3C-2E6B-4104-8A6C-FF9ACA9139E9}
	EndGlobalSection
EndGlobal
